
Microsoft Visual Studio Solution File, Format Version 12.00
# Visual Studio Version 17
VisualStudioVersion = 17.9.34902.65
MinimumVisualStudioVersion = 10.0.40219.1
Project("{FAE04EC0-301F-11D3-BF4B-00C04F79EFBC}") = "MyProduct.Web", "MyProduct.Web\MyProduct.Web.csproj", "{C2A6CFD0-0590-45CD-97ED-683FB85E69EB}"
EndProject
Project("{FAE04EC0-301F-11D3-BF4B-00C04F79EFBC}") = "MyProduct.Web.Test", "MyProduct.Web.Test\MyProduct.Web.Test.csproj", "{98743FC5-902F-4BBA-8DE1-A718C88CF591}"
EndProject
Project("{FAE04EC0-301F-11D3-BF4B-00C04F79EFBC}") = "MyProduct.Data", "MyProduct.Data\MyProduct.Data.csproj", "{BF01D32D-2555-40EC-8524-D43A3D8E0703}"
EndProject
Global
	GlobalSection(SolutionConfigurationPlatforms) = preSolution
		Debug|Any CPU = Debug|Any CPU
		Release|Any CPU = Release|Any CPU
	EndGlobalSection
	GlobalSection(ProjectConfigurationPlatforms) = postSolution
		{C2A6CFD0-0590-45CD-97ED-683FB85E69EB}.Debug|Any CPU.ActiveCfg = Debug|Any CPU
		{C2A6CFD0-0590-45CD-97ED-683FB85E69EB}.Debug|Any CPU.Build.0 = Debug|Any CPU
		{C2A6CFD0-0590-45CD-97ED-683FB85E69EB}.Release|Any CPU.ActiveCfg = Release|Any CPU
		{C2A6CFD0-0590-45CD-97ED-683FB85E69EB}.Release|Any CPU.Build.0 = Release|Any CPU
		{98743FC5-902F-4BBA-8DE1-A718C88CF591}.Debug|Any CPU.ActiveCfg = Debug|Any CPU
		{98743FC5-902F-4BBA-8DE1-A718C88CF591}.Debug|Any CPU.Build.0 = Debug|Any CPU
		{98743FC5-902F-4BBA-8DE1-A718C88CF591}.Release|Any CPU.ActiveCfg = Release|Any CPU
		{98743FC5-902F-4BBA-8DE1-A718C88CF591}.Release|Any CPU.Build.0 = Release|Any CPU
		{BF01D32D-2555-40EC-8524-D43A3D8E0703}.Debug|Any CPU.ActiveCfg = Debug|Any CPU
		{BF01D32D-2555-40EC-8524-D43A3D8E0703}.Debug|Any CPU.Build.0 = Debug|Any CPU
		{BF01D32D-2555-40EC-8524-D43A3D8E0703}.Release|Any CPU.ActiveCfg = Release|Any CPU
		{BF01D32D-2555-40EC-8524-D43A3D8E0703}.Release|Any CPU.Build.0 = Release|Any CPU
	EndGlobalSection
	GlobalSection(SolutionProperties) = preSolution
		HideSolutionNode = FALSE
	EndGlobalSection
	GlobalSection(ExtensibilityGlobals) = postSolution
		SolutionGuid = {8DEC54BD-9A7F-40A5-A5F5-EBE27214EDFE}
	EndGlobalSection
EndGlobal
